// !$*UTF8*$!
{
	archiveVersion = 1;
	classes = {
	};
	objectVersion = 46;
	objects = {

/* Begin PBXBuildFile section */
		270D06371CD1941600050E9D /* EmailViewController.swift in Sources */ = {isa = PBXBuildFile; fileRef = 270D06361CD1941600050E9D /* EmailViewController.swift */; };
		2762E94F1CC492260009E8E8 /* AppDelegate.swift in Sources */ = {isa = PBXBuildFile; fileRef = 2762E94E1CC492260009E8E8 /* AppDelegate.swift */; };
		2762E9541CC492260009E8E8 /* Main.storyboard in Resources */ = {isa = PBXBuildFile; fileRef = 2762E9521CC492260009E8E8 /* Main.storyboard */; };
		2762E9571CC492260009E8E8 /* Assignment_4.xcdatamodeld in Sources */ = {isa = PBXBuildFile; fileRef = 2762E9551CC492260009E8E8 /* Assignment_4.xcdatamodeld */; };
		2762E9591CC492260009E8E8 /* Assets.xcassets in Resources */ = {isa = PBXBuildFile; fileRef = 2762E9581CC492260009E8E8 /* Assets.xcassets */; };
		2762E95C1CC492260009E8E8 /* LaunchScreen.storyboard in Resources */ = {isa = PBXBuildFile; fileRef = 2762E95A1CC492260009E8E8 /* LaunchScreen.storyboard */; };
		2762E9641CC4A1F60009E8E8 /* DataTableViewController.swift in Sources */ = {isa = PBXBuildFile; fileRef = 2762E9631CC4A1F60009E8E8 /* DataTableViewController.swift */; };
		2762E96F1CC4A5390009E8E8 /* asking-permission.jpg in Resources */ = {isa = PBXBuildFile; fileRef = 2762E9651CC4A5390009E8E8 /* asking-permission.jpg */; };
		2762E9701CC4A5390009E8E8 /* Chew.jpg in Resources */ = {isa = PBXBuildFile; fileRef = 2762E9661CC4A5390009E8E8 /* Chew.jpg */; };
		2762E9711CC4A5390009E8E8 /* ExcuseMe.jpg in Resources */ = {isa = PBXBuildFile; fileRef = 2762E9671CC4A5390009E8E8 /* ExcuseMe.jpg */; };
		2762E9721CC4A5390009E8E8 /* Interrupt.jpg in Resources */ = {isa = PBXBuildFile; fileRef = 2762E9681CC4A5390009E8E8 /* Interrupt.jpg */; };
		2762E9731CC4A5390009E8E8 /* knock_knock.jpg in Resources */ = {isa = PBXBuildFile; fileRef = 2762E9691CC4A5390009E8E8 /* knock_knock.jpg */; };
		2762E9741CC4A5390009E8E8 /* Mock.jpg in Resources */ = {isa = PBXBuildFile; fileRef = 2762E96A1CC4A5390009E8E8 /* Mock.jpg */; };
		2762E9751CC4A5390009E8E8 /* Please.jpg in Resources */ = {isa = PBXBuildFile; fileRef = 2762E96B1CC4A5390009E8E8 /* Please.jpg */; };
		2762E9761CC4A5390009E8E8 /* Shake Hands.jpg in Resources */ = {isa = PBXBuildFile; fileRef = 2762E96C1CC4A5390009E8E8 /* Shake Hands.jpg */; };
		2762E9771CC4A5390009E8E8 /* Sneeze.jpg in Resources */ = {isa = PBXBuildFile; fileRef = 2762E96D1CC4A5390009E8E8 /* Sneeze.jpg */; };
		2762E9781CC4A5390009E8E8 /* ThankYou.jpg in Resources */ = {isa = PBXBuildFile; fileRef = 2762E96E1CC4A5390009E8E8 /* ThankYou.jpg */; };
/* End PBXBuildFile section */

/* Begin PBXFileReference section */
		270D06361CD1941600050E9D /* EmailViewController.swift */ = {isa = PBXFileReference; fileEncoding = 4; lastKnownFileType = sourcecode.swift; path = EmailViewController.swift; sourceTree = "<group>"; };
		2762E94B1CC492260009E8E8 /* Assignment 4.app */ = {isa = PBXFileReference; explicitFileType = wrapper.application; includeInIndex = 0; path = "Assignment 4.app"; sourceTree = BUILT_PRODUCTS_DIR; };
		2762E94E1CC492260009E8E8 /* AppDelegate.swift */ = {isa = PBXFileReference; lastKnownFileType = sourcecode.swift; path = AppDelegate.swift; sourceTree = "<group>"; };
		2762E9531CC492260009E8E8 /* Base */ = {isa = PBXFileReference; lastKnownFileType = file.storyboard; name = Base; path = Base.lproj/Main.storyboard; sourceTree = "<group>"; };
		2762E9561CC492260009E8E8 /* Assignment_4.xcdatamodel */ = {isa = PBXFileReference; lastKnownFileType = wrapper.xcdatamodel; path = Assignment_4.xcdatamodel; sourceTree = "<group>"; };
		2762E9581CC492260009E8E8 /* Assets.xcassets */ = {isa = PBXFileReference; lastKnownFileType = folder.assetcatalog; path = Assets.xcassets; sourceTree = "<group>"; };
		2762E95B1CC492260009E8E8 /* Base */ = {isa = PBXFileReference; lastKnownFileType = file.storyboard; name = Base; path = Base.lproj/LaunchScreen.storyboard; sourceTree = "<group>"; };
		2762E95D1CC492260009E8E8 /* Info.plist */ = {isa = PBXFileReference; lastKnownFileType = text.plist.xml; path = Info.plist; sourceTree = "<group>"; };
		2762E9631CC4A1F60009E8E8 /* DataTableViewController.swift */ = {isa = PBXFileReference; fileEncoding = 4; lastKnownFileType = sourcecode.swift; path = DataTableViewController.swift; sourceTree = "<group>"; };
		2762E9651CC4A5390009E8E8 /* asking-permission.jpg */ = {isa = PBXFileReference; lastKnownFileType = image.jpeg; path = "asking-permission.jpg"; sourceTree = "<group>"; };
		2762E9661CC4A5390009E8E8 /* Chew.jpg */ = {isa = PBXFileReference; lastKnownFileType = image.jpeg; path = Chew.jpg; sourceTree = "<group>"; };
		2762E9671CC4A5390009E8E8 /* ExcuseMe.jpg */ = {isa = PBXFileReference; lastKnownFileType = image.jpeg; path = ExcuseMe.jpg; sourceTree = "<group>"; };
		2762E9681CC4A5390009E8E8 /* Interrupt.jpg */ = {isa = PBXFileReference; lastKnownFileType = image.jpeg; path = Interrupt.jpg; sourceTree = "<group>"; };
		2762E9691CC4A5390009E8E8 /* knock_knock.jpg */ = {isa = PBXFileReference; lastKnownFileType = image.jpeg; path = knock_knock.jpg; sourceTree = "<group>"; };
		2762E96A1CC4A5390009E8E8 /* Mock.jpg */ = {isa = PBXFileReference; lastKnownFileType = image.jpeg; path = Mock.jpg; sourceTree = "<group>"; };
		2762E96B1CC4A5390009E8E8 /* Please.jpg */ = {isa = PBXFileReference; lastKnownFileType = image.jpeg; path = Please.jpg; sourceTree = "<group>"; };
		2762E96C1CC4A5390009E8E8 /* Shake Hands.jpg */ = {isa = PBXFileReference; lastKnownFileType = image.jpeg; path = "Shake Hands.jpg"; sourceTree = "<group>"; };
		2762E96D1CC4A5390009E8E8 /* Sneeze.jpg */ = {isa = PBXFileReference; lastKnownFileType = image.jpeg; path = Sneeze.jpg; sourceTree = "<group>"; };
		2762E96E1CC4A5390009E8E8 /* ThankYou.jpg */ = {isa = PBXFileReference; lastKnownFileType = image.jpeg; path = ThankYou.jpg; sourceTree = "<group>"; };
/* End PBXFileReference section */

/* Begin PBXFrameworksBuildPhase section */
		2762E9481CC492260009E8E8 /* Frameworks */ = {
			isa = PBXFrameworksBuildPhase;
			buildActionMask = 2147483647;
			files = (
			);
			runOnlyForDeploymentPostprocessing = 0;
		};
/* End PBXFrameworksBuildPhase section */

/* Begin PBXGroup section */
		2762E9421CC492260009E8E8 = {
			isa = PBXGroup;
			children = (
				2762E94D1CC492260009E8E8 /* Assignment 4 */,
				2762E94C1CC492260009E8E8 /* Products */,
			);
			sourceTree = "<group>";
		};
		2762E94C1CC492260009E8E8 /* Products */ = {
			isa = PBXGroup;
			children = (
				2762E94B1CC492260009E8E8 /* Assignment 4.app */,
			);
			name = Products;
			sourceTree = "<group>";
		};
		2762E94D1CC492260009E8E8 /* Assignment 4 */ = {
			isa = PBXGroup;
			children = (
				2762E94E1CC492260009E8E8 /* AppDelegate.swift */,
				2762E9631CC4A1F60009E8E8 /* DataTableViewController.swift */,
				2762E9521CC492260009E8E8 /* Main.storyboard */,
				270D06361CD1941600050E9D /* EmailViewController.swift */,
				2762E9581CC492260009E8E8 /* Assets.xcassets */,
				2762E95A1CC492260009E8E8 /* LaunchScreen.storyboard */,
				2762E95D1CC492260009E8E8 /* Info.plist */,
				2762E9551CC492260009E8E8 /* Assignment_4.xcdatamodeld */,
				2762E9651CC4A5390009E8E8 /* asking-permission.jpg */,
				2762E9661CC4A5390009E8E8 /* Chew.jpg */,
				2762E9671CC4A5390009E8E8 /* ExcuseMe.jpg */,
				2762E9681CC4A5390009E8E8 /* Interrupt.jpg */,
				2762E9691CC4A5390009E8E8 /* knock_knock.jpg */,
				2762E96A1CC4A5390009E8E8 /* Mock.jpg */,
				2762E96B1CC4A5390009E8E8 /* Please.jpg */,
				2762E96C1CC4A5390009E8E8 /* Shake Hands.jpg */,
				2762E96D1CC4A5390009E8E8 /* Sneeze.jpg */,
				2762E96E1CC4A5390009E8E8 /* ThankYou.jpg */,
			);
			path = "Assignment 4";
			sourceTree = "<group>";
		};
/* End PBXGroup section */

/* Begin PBXNativeTarget section */
		2762E94A1CC492260009E8E8 /* Assignment 4 */ = {
			isa = PBXNativeTarget;
			buildConfigurationList = 2762E9601CC492260009E8E8 /* Build configuration list for PBXNativeTarget "Assignment 4" */;
			buildPhases = (
				2762E9471CC492260009E8E8 /* Sources */,
				2762E9481CC492260009E8E8 /* Frameworks */,
				2762E9491CC492260009E8E8 /* Resources */,
			);
			buildRules = (
			);
			dependencies = (
			);
			name = "Assignment 4";
			productName = "Assignment 4";
			productReference = 2762E94B1CC492260009E8E8 /* Assignment 4.app */;
			productType = "com.apple.product-type.application";
		};
/* End PBXNativeTarget section */

/* Begin PBXProject section */
		2762E9431CC492260009E8E8 /* Project object */ = {
			isa = PBXProject;
			attributes = {
				LastSwiftUpdateCheck = 0730;
				LastUpgradeCheck = 0730;
				ORGANIZATIONNAME = Thorn129;
				TargetAttributes = {
					2762E94A1CC492260009E8E8 = {
						CreatedOnToolsVersion = 7.3;
					};
				};
			};
			buildConfigurationList = 2762E9461CC492260009E8E8 /* Build configuration list for PBXProject "Assignment 4" */;
			compatibilityVersion = "Xcode 3.2";
			developmentRegion = English;
			hasScannedForEncodings = 0;
			knownRegions = (
				en,
				Base,
			);
			mainGroup = 2762E9421CC492260009E8E8;
			productRefGroup = 2762E94C1CC492260009E8E8 /* Products */;
			projectDirPath = "";
			projectRoot = "";
			targets = (
				2762E94A1CC492260009E8E8 /* Assignment 4 */,
			);
		};
/* End PBXProject section */

/* Begin PBXResourcesBuildPhase section */
		2762E9491CC492260009E8E8 /* Resources */ = {
			isa = PBXResourcesBuildPhase;
			buildActionMask = 2147483647;
			files = (
				2762E95C1CC492260009E8E8 /* LaunchScreen.storyboard in Resources */,
				2762E9731CC4A5390009E8E8 /* knock_knock.jpg in Resources */,
				2762E9741CC4A5390009E8E8 /* Mock.jpg in Resources */,
				2762E9591CC492260009E8E8 /* Assets.xcassets in Resources */,
				2762E9721CC4A5390009E8E8 /* Interrupt.jpg in Resources */,
				2762E9711CC4A5390009E8E8 /* ExcuseMe.jpg in Resources */,
				2762E9761CC4A5390009E8E8 /* Shake Hands.jpg in Resources */,
				2762E9701CC4A5390009E8E8 /* Chew.jpg in Resources */,
				2762E9541CC492260009E8E8 /* Main.storyboard in Resources */,
				2762E96F1CC4A5390009E8E8 /* asking-permission.jpg in Resources */,
				2762E9751CC4A5390009E8E8 /* Please.jpg in Resources */,
				2762E9781CC4A5390009E8E8 /* ThankYou.jpg in Resources */,
				2762E9771CC4A5390009E8E8 /* Sneeze.jpg in Resources */,
			);
			runOnlyForDeploymentPostprocessing = 0;
		};
/* End PBXResourcesBuildPhase section */

/* Begin PBXSourcesBuildPhase section */
		2762E9471CC492260009E8E8 /* Sources */ = {
			isa = PBXSourcesBuildPhase;
			buildActionMask = 2147483647;
			files = (
				2762E94F1CC492260009E8E8 /* AppDelegate.swift in Sources */,
				2762E9641CC4A1F60009E8E8 /* DataTableViewController.swift in Sources */,
				270D06371CD1941600050E9D /* EmailViewController.swift in Sources */,
				2762E9571CC492260009E8E8 /* Assignment_4.xcdatamodeld in Sources */,
			);
			runOnlyForDeploymentPostprocessing = 0;
		};
/* End PBXSourcesBuildPhase section */

/* Begin PBXVariantGroup section */
		2762E9521CC492260009E8E8 /* Main.storyboard */ = {
			isa = PBXVariantGroup;
			children = (
				2762E9531CC492260009E8E8 /* Base */,
			);
			name = Main.storyboard;
			sourceTree = "<group>";
		};
		2762E95A1CC492260009E8E8 /* LaunchScreen.storyboard */ = {
			isa = PBXVariantGroup;
			children = (
				2762E95B1CC492260009E8E8 /* Base */,
			);
			name = LaunchScreen.storyboard;
			sourceTree = "<group>";
		};
/* End PBXVariantGroup section */

/* Begin XCBuildConfiguration section */
		2762E95E1CC492260009E8E8 /* Debug */ = {
			isa = XCBuildConfiguration;
			buildSettings = {
				ALWAYS_SEARCH_USER_PATHS = NO;
				CLANG_ANALYZER_NONNULL = YES;
				CLANG_CXX_LANGUAGE_STANDARD = "gnu++0x";
				CLANG_CXX_LIBRARY = "libc++";
				CLANG_ENABLE_MODULES = YES;
				CLANG_ENABLE_OBJC_ARC = YES;
				CLANG_WARN_BOOL_CONVERSION = YES;
				CLANG_WARN_CONSTANT_CONVERSION = YES;
				CLANG_WARN_DIRECT_OBJC_ISA_USAGE = YES_ERROR;
				CLANG_WARN_EMPTY_BODY = YES;
				CLANG_WARN_ENUM_CONVERSION = YES;
				CLANG_WARN_INT_CONVERSION = YES;
				CLANG_WARN_OBJC_ROOT_CLASS = YES_ERROR;
				CLANG_WARN_UNREACHABLE_CODE = YES;
				CLANG_WARN__DUPLICATE_METHOD_MATCH = YES;
				"CODE_SIGN_IDENTITY[sdk=iphoneos*]" = "iPhone Developer";
				COPY_PHASE_STRIP = NO;
				DEBUG_INFORMATION_FORMAT = dwarf;
				ENABLE_STRICT_OBJC_MSGSEND = YES;
				ENABLE_TESTABILITY = YES;
				GCC_C_LANGUAGE_STANDARD = gnu99;
				GCC_DYNAMIC_NO_PIC = NO;
				GCC_NO_COMMON_BLOCKS = YES;
				GCC_OPTIMIZATION_LEVEL = 0;
				GCC_PREPROCESSOR_DEFINITIONS = (
					"DEBUG=1",
					"$(inherited)",
				);
				GCC_WARN_64_TO_32_BIT_CONVERSION = YES;
				GCC_WARN_ABOUT_RETURN_TYPE = YES_ERROR;
				GCC_WARN_UNDECLARED_SELECTOR = YES;
				GCC_WARN_UNINITIALIZED_AUTOS = YES_AGGRESSIVE;
				GCC_WARN_UNUSED_FUNCTION = YES;
				GCC_WARN_UNUSED_VARIABLE = YES;
				IPHONEOS_DEPLOYMENT_TARGET = 9.3;
				MTL_ENABLE_DEBUG_INFO = YES;
				ONLY_ACTIVE_ARCH = YES;
				SDKROOT = iphoneos;
				SWIFT_OPTIMIZATION_LEVEL = "-Onone";
			};
			name = Debug;
		};
		2762E95F1CC492260009E8E8 /* Release */ = {
			isa = XCBuildConfiguration;
			buildSettings = {
				ALWAYS_SEARCH_USER_PATHS = NO;
				CLANG_ANALYZER_NONNULL = YES;
				CLANG_CXX_LANGUAGE_STANDARD = "gnu++0x";
				CLANG_CXX_LIBRARY = "libc++";
				CLANG_ENABLE_MODULES = YES;
				CLANG_ENABLE_OBJC_ARC = YES;
				CLANG_WARN_BOOL_CONVERSION = YES;
				CLANG_WARN_CONSTANT_CONVERSION = YES;
				CLANG_WARN_DIRECT_OBJC_ISA_USAGE = YES_ERROR;
				CLANG_WARN_EMPTY_BODY = YES;
				CLANG_WARN_ENUM_CONVERSION = YES;
				CLANG_WARN_INT_CONVERSION = YES;
				CLANG_WARN_OBJC_ROOT_CLASS = YES_ERROR;
				CLANG_WARN_UNREACHABLE_CODE = YES;
				CLANG_WARN__DUPLICATE_METHOD_MATCH = YES;
				"CODE_SIGN_IDENTITY[sdk=iphoneos*]" = "iPhone Developer";
				COPY_PHASE_STRIP = NO;
				DEBUG_INFORMATION_FORMAT = "dwarf-with-dsym";
				ENABLE_NS_ASSERTIONS = NO;
				ENABLE_STRICT_OBJC_MSGSEND = YES;
				GCC_C_LANGUAGE_STANDARD = gnu99;
				GCC_NO_COMMON_BLOCKS = YES;
				GCC_WARN_64_TO_32_BIT_CONVERSION = YES;
				GCC_WARN_ABOUT_RETURN_TYPE = YES_ERROR;
				GCC_WARN_UNDECLARED_SELECTOR = YES;
				GCC_WARN_UNINITIALIZED_AUTOS = YES_AGGRESSIVE;
				GCC_WARN_UNUSED_FUNCTION = YES;
				GCC_WARN_UNUSED_VARIABLE = YES;
				IPHONEOS_DEPLOYMENT_TARGET = 9.3;
				MTL_ENABLE_DEBUG_INFO = NO;
				SDKROOT = iphoneos;
				VALIDATE_PRODUCT = YES;
			};
			name = Release;
		};
		2762E9611CC492260009E8E8 /* Debug */ = {
			isa = XCBuildConfiguration;
			buildSettings = {
				ASSETCATALOG_COMPILER_APPICON_NAME = AppIcon;
				INFOPLIST_FILE = "Assignment 4/Info.plist";
				LD_RUNPATH_SEARCH_PATHS = "$(inherited) @executable_path/Frameworks";
				PRODUCT_BUNDLE_IDENTIFIER = "com.thorn129.Assignment-4";
				PRODUCT_NAME = "$(TARGET_NAME)";
			};
			name = Debug;
		};
		2762E9621CC492260009E8E8 /* Release */ = {
			isa = XCBuildConfiguration;
			buildSettings = {
				ASSETCATALOG_COMPILER_APPICON_NAME = AppIcon;
				INFOPLIST_FILE = "Assignment 4/Info.plist";
				LD_RUNPATH_SEARCH_PATHS = "$(inherited) @executable_path/Frameworks";
				PRODUCT_BUNDLE_IDENTIFIER = "com.thorn129.Assignment-4";
				PRODUCT_NAME = "$(TARGET_NAME)";
			};
			name = Release;
		};
/* End XCBuildConfiguration section */

/* Begin XCConfigurationList section */
		2762E9461CC492260009E8E8 /* Build configuration list for PBXProject "Assignment 4" */ = {
			isa = XCConfigurationList;
			buildConfigurations = (
				2762E95E1CC492260009E8E8 /* Debug */,
				2762E95F1CC492260009E8E8 /* Release */,
			);
			defaultConfigurationIsVisible = 0;
			defaultConfigurationName = Release;
		};
		2762E9601CC492260009E8E8 /* Build configuration list for PBXNativeTarget "Assignment 4" */ = {
			isa = XCConfigurationList;
			buildConfigurations = (
				2762E9611CC492260009E8E8 /* Debug */,
				2762E9621CC492260009E8E8 /* Release */,
			);
			defaultConfigurationIsVisible = 0;
			defaultConfigurationName = Release;
		};
/* End XCConfigurationList section */

/* Begin XCVersionGroup section */
		2762E9551CC492260009E8E8 /* Assignment_4.xcdatamodeld */ = {
			isa = XCVersionGroup;
			children = (
				2762E9561CC492260009E8E8 /* Assignment_4.xcdatamodel */,
			);
			currentVersion = 2762E9561CC492260009E8E8 /* Assignment_4.xcdatamodel */;
			path = Assignment_4.xcdatamodeld;
			sourceTree = "<group>";
			versionGroupType = wrapper.xcdatamodel;
		};
/* End XCVersionGroup section */
	};
	rootObject = 2762E9431CC492260009E8E8 /* Project object */;
}
